{
  "version": 4,
  "terraform_version": "1.15.1",
  "serial": 3,
  "lineage": "12a5a289-3a9d-d641-210e-7bcb5f76f3f0",
  "outputs": {
    "availability_zone_map": {
      "value": [
        "ap-south-1a",
        "ap-south-1b",
        "ap-south-1c"
      ],
      "type": [
        "list",
        "string"
      ]
    },
    "public_subnet_id": {
      "value": "subnet-09120c62b9f1588c2",
      "type": "string"
    },
    "vpc_id": {
      "value": "vpc-02358ddc1cb955bcd",
      "type": "string"
    }
  },
  "resources": [
    {
      "mode": "data",
      "type": "aws_availability_zones",
      "name": "az-vpw",
      "provider": "provider[\"registry.terraform.io/hashicorp/aws\"]",
      "instances": [
        {
          "schema_version": 0,
          "attributes": {
            "all_availability_zones": null,
            "exclude_names": null,
            "exclude_zone_ids": null,
            "filter": null,
            "group_names": [
              "ap-south-1-zg-1"
            ],
            "id": "ap-south-1",
            "names": [
              "ap-south-1a",
              "ap-south-1b",
              "ap-south-1c"
            ],
            "region": "ap-south-1",
            "state": "available",
            "timeouts": null,
            "zone_ids": [
              "aps1-az1",
              "aps1-az3",
              "aps1-az2"
            ]
          },
          "sensitive_attributes": [],
          "identity_schema_version": 0
        }
      ]
    },
    {
      "mode": "data",
      "type": "aws_internet_gateway",
      "name": "igw-vpw",
      "provider": "provider[\"registry.terraform.io/hashicorp/aws\"]",
      "instances": [
        {
          "schema_version": 0,
          "attributes": {
            "arn": "arn:aws:ec2:ap-south-1:454143665149:internet-gateway/igw-095a43d99a5ec72d6",
            "attachments": [
              {
                "state": "available",
                "vpc_id": "vpc-02358ddc1cb955bcd"
              }
            ],
            "filter": [
              {
                "name": "attachment.vpc-id",
                "values": [
                  "vpc-02358ddc1cb955bcd"
                ]
              }
            ],
            "id": "igw-095a43d99a5ec72d6",
            "internet_gateway_id": "igw-095a43d99a5ec72d6",
            "owner_id": "454143665149",
            "region": "ap-south-1",
            "tags": {
              "Name": "Bootcamp-vpc-do-not-delete-igw",
              "Terraform": "true"
            },
            "timeouts": null
          },
          "sensitive_attributes": [],
          "identity_schema_version": 0
        }
      ]
    },
    {
      "mode": "data",
      "type": "aws_route_table",
      "name": "public_rt-vpw",
      "provider": "provider[\"registry.terraform.io/hashicorp/aws\"]",
      "instances": [
        {
          "schema_version": 0,
          "attributes": {
            "arn": "arn:aws:ec2:ap-south-1:454143665149:route-table/rtb-0898c89baeb6ebb57",
            "associations": [
              {
                "gateway_id": "",
                "main": false,
                "route_table_association_id": "rtbassoc-0b6021e788b7dbb7c",
                "route_table_id": "rtb-0898c89baeb6ebb57",
                "subnet_id": "subnet-0c1d51bdec6bbfc49"
              },
              {
                "gateway_id": "",
                "main": false,
                "route_table_association_id": "rtbassoc-0ab4a5ce8651311b1",
                "route_table_id": "rtb-0898c89baeb6ebb57",
                "subnet_id": "subnet-03ebda8742d2ebe7a"
              }
            ],
            "filter": [
              {
                "name": "tag:Name",
                "values": [
                  "Bootcamp-vpc-do-not-delete-public-rt"
                ]
              }
            ],
            "gateway_id": null,
            "id": "rtb-0898c89baeb6ebb57",
            "owner_id": "454143665149",
            "region": "ap-south-1",
            "route_table_id": "rtb-0898c89baeb6ebb57",
            "routes": [
              {
                "carrier_gateway_id": "",
                "cidr_block": "0.0.0.0/0",
                "core_network_arn": "",
                "destination_prefix_list_id": "",
                "egress_only_gateway_id": "",
                "gateway_id": "igw-095a43d99a5ec72d6",
                "instance_id": "",
                "ipv6_cidr_block": "",
                "local_gateway_id": "",
                "nat_gateway_id": "",
                "network_interface_id": "",
                "transit_gateway_id": "",
                "vpc_endpoint_id": "",
                "vpc_peering_connection_id": ""
              }
            ],
            "subnet_id": null,
            "tags": {
              "Name": "Bootcamp-vpc-do-not-delete-public-rt",
              "Terraform": "true"
            },
            "timeouts": null,
            "vpc_id": "vpc-02358ddc1cb955bcd"
          },
          "sensitive_attributes": [],
          "identity_schema_version": 0
        }
      ]
    },
    {
      "mode": "data",
      "type": "aws_vpc",
      "name": "vpc-vpw",
      "provider": "provider[\"registry.terraform.io/hashicorp/aws\"]",
      "instances": [
        {
          "schema_version": 0,
          "attributes": {
            "arn": "arn:aws:ec2:ap-south-1:454143665149:vpc/vpc-02358ddc1cb955bcd",
            "cidr_block": "10.0.0.0/16",
            "cidr_block_associations": [
              {
                "association_id": "vpc-cidr-assoc-0d4757aec8e9b48aa",
                "cidr_block": "10.0.0.0/16",
                "state": "associated"
              }
            ],
            "default": false,
            "dhcp_options_id": "dopt-2db72344",
            "enable_dns_hostnames": true,
            "enable_dns_support": true,
            "enable_network_address_usage_metrics": false,
            "filter": [
              {
                "name": "tag:Name",
                "values": [
                  "Bootcamp-vpc-do-not-delete-vpc"
                ]
              }
            ],
            "id": "vpc-02358ddc1cb955bcd",
            "instance_tenancy": "default",
            "ipv6_association_id": "",
            "ipv6_cidr_block": "",
            "main_route_table_id": "rtb-0f4d7df0cf95260c3",
            "owner_id": "454143665149",
            "region": "ap-south-1",
            "state": null,
            "tags": {
              "Name": "Bootcamp-vpc-do-not-delete-vpc",
              "Terraform": "true"
            },
            "timeouts": null
          },
          "sensitive_attributes": [],
          "identity_schema_version": 0
        }
      ]
    },
    {
      "mode": "managed",
      "type": "aws_route_table_association",
      "name": "public_rt_assoc-vpw",
      "provider": "provider[\"registry.terraform.io/hashicorp/aws\"]",
      "instances": [
        {
          "schema_version": 0,
          "attributes": {
            "gateway_id": "",
            "id": "rtbassoc-0ffb09be2a80ce645",
            "region": "ap-south-1",
            "route_table_id": "rtb-0898c89baeb6ebb57",
            "subnet_id": "subnet-09120c62b9f1588c2",
            "timeouts": null
          },
          "sensitive_attributes": [],
          "identity_schema_version": 0,
          "identity": {
            "account_id": "454143665149",
            "id": "rtbassoc-0ffb09be2a80ce645",
            "region": "ap-south-1"
          },
          "private": "eyJlMmJmYjczMC1lY2FhLTExZTYtOGY4OC0zNDM2M2JjN2M0YzAiOnsiY3JlYXRlIjozMDAwMDAwMDAwMDAsImRlbGV0ZSI6MzAwMDAwMDAwMDAwLCJ1cGRhdGUiOjEyMDAwMDAwMDAwMH19",
          "dependencies": [
            "aws_subnet.public-vpw",
            "data.aws_route_table.public_rt-vpw",
            "data.aws_vpc.vpc-vpw"
          ]
        }
      ]
    },
    {
      "mode": "managed",
      "type": "aws_subnet",
      "name": "public-vpw",
      "provider": "provider[\"registry.terraform.io/hashicorp/aws\"]",
      "instances": [
        {
          "schema_version": 1,
          "attributes": {
            "arn": "arn:aws:ec2:ap-south-1:454143665149:subnet/subnet-09120c62b9f1588c2",
            "assign_ipv6_address_on_creation": false,
            "availability_zone": "ap-south-1a",
            "availability_zone_id": "aps1-az1",
            "cidr_block": "10.0.21.0/24",
            "customer_owned_ipv4_pool": "",
            "enable_dns64": false,
            "enable_lni_at_device_index": 0,
            "enable_resource_name_dns_a_record_on_launch": false,
            "enable_resource_name_dns_aaaa_record_on_launch": false,
            "id": "subnet-09120c62b9f1588c2",
            "ipv4_ipam_pool_id": null,
            "ipv4_netmask_length": null,
            "ipv6_cidr_block": "",
            "ipv6_cidr_block_association_id": "",
            "ipv6_ipam_pool_id": null,
            "ipv6_native": false,
            "ipv6_netmask_length": null,
            "map_customer_owned_ip_on_launch": false,
            "map_public_ip_on_launch": true,
            "outpost_arn": "",
            "owner_id": "454143665149",
            "private_dns_hostname_type_on_launch": "ip-name",
            "region": "ap-south-1",
            "tags": {
              "Name": "vijayalaxmipw-11-pub-subnet",
              "Owner": "vijayalaxmi.waghmare@einfochips.com",
              "Terraform": "true",
              "bu": "ia",
              "enddate": "31-May-2026",
              "owner": "vijayalaxmi.waghmare@einfochips.com"
            },
            "tags_all": {
              "Name": "vijayalaxmipw-11-pub-subnet",
              "Owner": "vijayalaxmi.waghmare@einfochips.com",
              "Terraform": "true",
              "bu": "ia",
              "enddate": "31-May-2026",
              "owner": "vijayalaxmi.waghmare@einfochips.com"
            },
            "timeouts": null,
            "vpc_id": "vpc-02358ddc1cb955bcd"
          },
          "sensitive_attributes": [],
          "identity_schema_version": 0,
          "identity": {
            "account_id": "454143665149",
            "id": "subnet-09120c62b9f1588c2",
            "region": "ap-south-1"
          },
          "private": "eyJlMmJmYjczMC1lY2FhLTExZTYtOGY4OC0zNDM2M2JjN2M0YzAiOnsiY3JlYXRlIjo2MDAwMDAwMDAwMDAsImRlbGV0ZSI6MTIwMDAwMDAwMDAwMH0sInNjaGVtYV92ZXJzaW9uIjoiMSJ9",
          "dependencies": [
            "data.aws_vpc.vpc-vpw"
          ]
        }
      ]
    }
  ],
  "check_results": null
}
